
Microsoft Visual Studio Solution File, Format Version 12.00
# Visual Studio Version 17
VisualStudioVersion = 17.5.33424.131
MinimumVisualStudioVersion = 10.0.40219.1
Project("{FAE04EC0-301F-11D3-BF4B-00C04F79EFBC}") = "OOPPr3.4", "OOPPr3.4\OOPPr3.4.csproj", "{EE40B7AE-D632-4BB7-8CDC-419E71DA8624}"
EndProject
Global
	GlobalSection(SolutionConfigurationPlatforms) = preSolution
		Debug|Any CPU = Debug|Any CPU
		Release|Any CPU = Release|Any CPU
	EndGlobalSection
	GlobalSection(ProjectConfigurationPlatforms) = postSolution
		{EE40B7AE-D632-4BB7-8CDC-419E71DA8624}.Debug|Any CPU.ActiveCfg = Debug|Any CPU
		{EE40B7AE-D632-4BB7-8CDC-419E71DA8624}.Debug|Any CPU.Build.0 = Debug|Any CPU
		{EE40B7AE-D632-4BB7-8CDC-419E71DA8624}.Release|Any CPU.ActiveCfg = Release|Any CPU
		{EE40B7AE-D632-4BB7-8CDC-419E71DA8624}.Release|Any CPU.Build.0 = Release|Any CPU
	EndGlobalSection
	GlobalSection(SolutionProperties) = preSolution
		HideSolutionNode = FALSE
	EndGlobalSection
	GlobalSection(ExtensibilityGlobals) = postSolution
		SolutionGuid = {568EDB7A-BFDB-4398-B582-95B7927AF375}
	EndGlobalSection
EndGlobal
